
Microsoft Visual Studio Solution File, Format Version 12.00
# Visual Studio 15
VisualStudioVersion = 15.0.28307.136
MinimumVisualStudioVersion = 10.0.40219.1
Project("{FAE04EC0-301F-11D3-BF4B-00C04F79EFBC}") = "WebApplication1", "WebApplication1\WebApplication1.csproj", "{1322D9F7-BFE0-4F9D-8520-F5A5DACB8104}"
EndProject
Project("{00D1A9C2-B5F0-4AF3-8072-F6C62B433612}") = "Database1", "Database1\Database1.sqlproj", "{C60CD255-C604-4FC3-B125-03632A8025F3}"
EndProject
Global
	GlobalSection(SolutionConfigurationPlatforms) = preSolution
		Debug|Any CPU = Debug|Any CPU
		Release|Any CPU = Release|Any CPU
	EndGlobalSection
	GlobalSection(ProjectConfigurationPlatforms) = postSolution
		{1322D9F7-BFE0-4F9D-8520-F5A5DACB8104}.Debug|Any CPU.ActiveCfg = Debug|Any CPU
		{1322D9F7-BFE0-4F9D-8520-F5A5DACB8104}.Debug|Any CPU.Build.0 = Debug|Any CPU
		{1322D9F7-BFE0-4F9D-8520-F5A5DACB8104}.Release|Any CPU.ActiveCfg = Release|Any CPU
		{1322D9F7-BFE0-4F9D-8520-F5A5DACB8104}.Release|Any CPU.Build.0 = Release|Any CPU
		{C60CD255-C604-4FC3-B125-03632A8025F3}.Debug|Any CPU.ActiveCfg = Debug|Any CPU
		{C60CD255-C604-4FC3-B125-03632A8025F3}.Debug|Any CPU.Build.0 = Debug|Any CPU
		{C60CD255-C604-4FC3-B125-03632A8025F3}.Debug|Any CPU.Deploy.0 = Debug|Any CPU
		{C60CD255-C604-4FC3-B125-03632A8025F3}.Release|Any CPU.ActiveCfg = Release|Any CPU
		{C60CD255-C604-4FC3-B125-03632A8025F3}.Release|Any CPU.Build.0 = Release|Any CPU
		{C60CD255-C604-4FC3-B125-03632A8025F3}.Release|Any CPU.Deploy.0 = Release|Any CPU
	EndGlobalSection
	GlobalSection(SolutionProperties) = preSolution
		HideSolutionNode = FALSE
	EndGlobalSection
	GlobalSection(ExtensibilityGlobals) = postSolution
		SolutionGuid = {419B3771-AF91-42A7-8519-93B285259DB4}
	EndGlobalSection
EndGlobal
